
Microsoft Visual Studio Solution File, Format Version 12.00
# Visual Studio 14
VisualStudioVersion = 14.0.25420.1
MinimumVisualStudioVersion = 10.0.40219.1
Project("{FAE04EC0-301F-11D3-BF4B-00C04F79EFBC}") = "TransportLondon", "TransportLondon\TransportLondon.csproj", "{F1E44BD7-E9F8-4325-8BD3-6865A5DEC7DE}"
EndProject
Project("{FAE04EC0-301F-11D3-BF4B-00C04F79EFBC}") = "TransportLondon.Services", "TransportLondon.Services\TransportLondon.Services.csproj", "{B1975EDE-9DA4-44BF-B601-4500798EB4E8}"
EndProject
Project("{FAE04EC0-301F-11D3-BF4B-00C04F79EFBC}") = "TransportLondon.DAL", "TransportLondon.DAL\TransportLondon.DAL.csproj", "{A3BF3537-2D28-471A-9289-44B23166FE3C}"
EndProject
Project("{FAE04EC0-301F-11D3-BF4B-00C04F79EFBC}") = "TransportLondon.Viewmodel", "TransportLondon.Viewmodel\TransportLondon.Viewmodel.csproj", "{B392F61B-F7A3-49DE-9E97-9FC0A5CF2A9C}"
EndProject
Project("{FAE04EC0-301F-11D3-BF4B-00C04F79EFBC}") = "Tfl.Api.Presentation.Entities", "Tfl.Api.Presentation.Entities\Tfl.Api.Presentation.Entities.csproj", "{554E56EC-92F1-410A-95C4-C5C7EED25DCD}"
EndProject
Project("{FAE04EC0-301F-11D3-BF4B-00C04F79EFBC}") = "TransportLondon.Dependancy", "TransportLondon.Dependancy\TransportLondon.Dependancy.csproj", "{8DB733BF-9FC4-4EAA-B4CE-7C1D4AC5AA94}"
EndProject
Global
	GlobalSection(SolutionConfigurationPlatforms) = preSolution
		Debug|Any CPU = Debug|Any CPU
		Release|Any CPU = Release|Any CPU
	EndGlobalSection
	GlobalSection(ProjectConfigurationPlatforms) = postSolution
		{F1E44BD7-E9F8-4325-8BD3-6865A5DEC7DE}.Debug|Any CPU.ActiveCfg = Debug|Any CPU
		{F1E44BD7-E9F8-4325-8BD3-6865A5DEC7DE}.Debug|Any CPU.Build.0 = Debug|Any CPU
		{F1E44BD7-E9F8-4325-8BD3-6865A5DEC7DE}.Release|Any CPU.ActiveCfg = Release|Any CPU
		{F1E44BD7-E9F8-4325-8BD3-6865A5DEC7DE}.Release|Any CPU.Build.0 = Release|Any CPU
		{B1975EDE-9DA4-44BF-B601-4500798EB4E8}.Debug|Any CPU.ActiveCfg = Debug|Any CPU
		{B1975EDE-9DA4-44BF-B601-4500798EB4E8}.Debug|Any CPU.Build.0 = Debug|Any CPU
		{B1975EDE-9DA4-44BF-B601-4500798EB4E8}.Release|Any CPU.ActiveCfg = Release|Any CPU
		{B1975EDE-9DA4-44BF-B601-4500798EB4E8}.Release|Any CPU.Build.0 = Release|Any CPU
		{A3BF3537-2D28-471A-9289-44B23166FE3C}.Debug|Any CPU.ActiveCfg = Debug|Any CPU
		{A3BF3537-2D28-471A-9289-44B23166FE3C}.Debug|Any CPU.Build.0 = Debug|Any CPU
		{A3BF3537-2D28-471A-9289-44B23166FE3C}.Release|Any CPU.ActiveCfg = Release|Any CPU
		{A3BF3537-2D28-471A-9289-44B23166FE3C}.Release|Any CPU.Build.0 = Release|Any CPU
		{B392F61B-F7A3-49DE-9E97-9FC0A5CF2A9C}.Debug|Any CPU.ActiveCfg = Debug|Any CPU
		{B392F61B-F7A3-49DE-9E97-9FC0A5CF2A9C}.Debug|Any CPU.Build.0 = Debug|Any CPU
		{B392F61B-F7A3-49DE-9E97-9FC0A5CF2A9C}.Release|Any CPU.ActiveCfg = Release|Any CPU
		{B392F61B-F7A3-49DE-9E97-9FC0A5CF2A9C}.Release|Any CPU.Build.0 = Release|Any CPU
		{554E56EC-92F1-410A-95C4-C5C7EED25DCD}.Debug|Any CPU.ActiveCfg = Debug|Any CPU
		{554E56EC-92F1-410A-95C4-C5C7EED25DCD}.Debug|Any CPU.Build.0 = Debug|Any CPU
		{554E56EC-92F1-410A-95C4-C5C7EED25DCD}.Release|Any CPU.ActiveCfg = Release|Any CPU
		{554E56EC-92F1-410A-95C4-C5C7EED25DCD}.Release|Any CPU.Build.0 = Release|Any CPU
		{8DB733BF-9FC4-4EAA-B4CE-7C1D4AC5AA94}.Debug|Any CPU.ActiveCfg = Debug|Any CPU
		{8DB733BF-9FC4-4EAA-B4CE-7C1D4AC5AA94}.Debug|Any CPU.Build.0 = Debug|Any CPU
		{8DB733BF-9FC4-4EAA-B4CE-7C1D4AC5AA94}.Release|Any CPU.ActiveCfg = Release|Any CPU
		{8DB733BF-9FC4-4EAA-B4CE-7C1D4AC5AA94}.Release|Any CPU.Build.0 = Release|Any CPU
	EndGlobalSection
	GlobalSection(SolutionProperties) = preSolution
		HideSolutionNode = FALSE
	EndGlobalSection
EndGlobal
